
Microsoft Visual Studio Solution File, Format Version 12.00
# Visual Studio Version 17
VisualStudioVersion = 17.7.34009.444
MinimumVisualStudioVersion = 10.0.40219.1
Project("{9A19103F-16F7-4668-BE54-9A1E7A4F7556}") = "Scribbles.UI", "Scribbles.UI\Scribbles.UI.csproj", "{3D10F59D-E7ED-4D69-91E9-8E98B360C6E4}"
EndProject
Project("{9A19103F-16F7-4668-BE54-9A1E7A4F7556}") = "Scribbles.Lib", "Scribbles.Lib\Scribbles.Lib.csproj", "{90FEBC6A-D268-457A-96D5-7492C196CE09}"
EndProject
Global
	GlobalSection(SolutionConfigurationPlatforms) = preSolution
		Debug|Any CPU = Debug|Any CPU
		Release|Any CPU = Release|Any CPU
	EndGlobalSection
	GlobalSection(ProjectConfigurationPlatforms) = postSolution
		{3D10F59D-E7ED-4D69-91E9-8E98B360C6E4}.Debug|Any CPU.ActiveCfg = Debug|Any CPU
		{3D10F59D-E7ED-4D69-91E9-8E98B360C6E4}.Debug|Any CPU.Build.0 = Debug|Any CPU
		{3D10F59D-E7ED-4D69-91E9-8E98B360C6E4}.Release|Any CPU.ActiveCfg = Release|Any CPU
		{3D10F59D-E7ED-4D69-91E9-8E98B360C6E4}.Release|Any CPU.Build.0 = Release|Any CPU
		{90FEBC6A-D268-457A-96D5-7492C196CE09}.Debug|Any CPU.ActiveCfg = Debug|Any CPU
		{90FEBC6A-D268-457A-96D5-7492C196CE09}.Debug|Any CPU.Build.0 = Debug|Any CPU
		{90FEBC6A-D268-457A-96D5-7492C196CE09}.Release|Any CPU.ActiveCfg = Release|Any CPU
		{90FEBC6A-D268-457A-96D5-7492C196CE09}.Release|Any CPU.Build.0 = Release|Any CPU
	EndGlobalSection
	GlobalSection(SolutionProperties) = preSolution
		HideSolutionNode = FALSE
	EndGlobalSection
	GlobalSection(ExtensibilityGlobals) = postSolution
		SolutionGuid = {B5721D11-9676-473A-AA02-866833B87578}
	EndGlobalSection
EndGlobal
